
Microsoft Visual Studio Solution File, Format Version 12.00
# Visual Studio 2013
VisualStudioVersion = 12.0.31101.0
MinimumVisualStudioVersion = 10.0.40219.1
Project("{FAE04EC0-301F-11D3-BF4B-00C04F79EFBC}") = "CenterHeaderImageSample", "CenterHeaderImageSample\CenterHeaderImageSample\CenterHeaderImageSample.csproj", "{7761846E-CAC1-41A9-95C5-DD1817600AE2}"
EndProject
Project("{FAE04EC0-301F-11D3-BF4B-00C04F79EFBC}") = "CenterHeaderImageSample.iOS", "CenterHeaderImageSample\CenterHeaderImageSample.iOS\CenterHeaderImageSample.iOS.csproj", "{51C9198F-8452-4DEA-A71D-E5E35035DDC3}"
EndProject
Project("{FAE04EC0-301F-11D3-BF4B-00C04F79EFBC}") = "CenterHeaderImageSample.Droid", "CenterHeaderImageSample\CenterHeaderImageSample.Droid\CenterHeaderImageSample.Droid.csproj", "{B38E44F8-55FA-4688-A2A2-60595845AAC1}"
EndProject
Global
	GlobalSection(SolutionConfigurationPlatforms) = preSolution
		Ad-Hoc|Any CPU = Ad-Hoc|Any CPU
		Ad-Hoc|iPhone = Ad-Hoc|iPhone
		Ad-Hoc|iPhoneSimulator = Ad-Hoc|iPhoneSimulator
		Ad-Hoc|Mixed Platforms = Ad-Hoc|Mixed Platforms
		AppStore|Any CPU = AppStore|Any CPU
		AppStore|iPhone = AppStore|iPhone
		AppStore|iPhoneSimulator = AppStore|iPhoneSimulator
		AppStore|Mixed Platforms = AppStore|Mixed Platforms
		Debug|Any CPU = Debug|Any CPU
		Debug|iPhone = Debug|iPhone
		Debug|iPhoneSimulator = Debug|iPhoneSimulator
		Debug|Mixed Platforms = Debug|Mixed Platforms
		Release|Any CPU = Release|Any CPU
		Release|iPhone = Release|iPhone
		Release|iPhoneSimulator = Release|iPhoneSimulator
		Release|Mixed Platforms = Release|Mixed Platforms
	EndGlobalSection
	GlobalSection(ProjectConfigurationPlatforms) = postSolution
		{7761846E-CAC1-41A9-95C5-DD1817600AE2}.Ad-Hoc|Any CPU.ActiveCfg = Release|Any CPU
		{7761846E-CAC1-41A9-95C5-DD1817600AE2}.Ad-Hoc|Any CPU.Build.0 = Release|Any CPU
		{7761846E-CAC1-41A9-95C5-DD1817600AE2}.Ad-Hoc|iPhone.ActiveCfg = Release|Any CPU
		{7761846E-CAC1-41A9-95C5-DD1817600AE2}.Ad-Hoc|iPhoneSimulator.ActiveCfg = Release|Any CPU
		{7761846E-CAC1-41A9-95C5-DD1817600AE2}.Ad-Hoc|Mixed Platforms.ActiveCfg = Release|Any CPU
		{7761846E-CAC1-41A9-95C5-DD1817600AE2}.Ad-Hoc|Mixed Platforms.Build.0 = Release|Any CPU
		{7761846E-CAC1-41A9-95C5-DD1817600AE2}.AppStore|Any CPU.ActiveCfg = Release|Any CPU
		{7761846E-CAC1-41A9-95C5-DD1817600AE2}.AppStore|Any CPU.Build.0 = Release|Any CPU
		{7761846E-CAC1-41A9-95C5-DD1817600AE2}.AppStore|iPhone.ActiveCfg = Release|Any CPU
		{7761846E-CAC1-41A9-95C5-DD1817600AE2}.AppStore|iPhoneSimulator.ActiveCfg = Release|Any CPU
		{7761846E-CAC1-41A9-95C5-DD1817600AE2}.AppStore|Mixed Platforms.ActiveCfg = Release|Any CPU
		{7761846E-CAC1-41A9-95C5-DD1817600AE2}.AppStore|Mixed Platforms.Build.0 = Release|Any CPU
		{7761846E-CAC1-41A9-95C5-DD1817600AE2}.Debug|Any CPU.ActiveCfg = Debug|Any CPU
		{7761846E-CAC1-41A9-95C5-DD1817600AE2}.Debug|Any CPU.Build.0 = Debug|Any CPU
		{7761846E-CAC1-41A9-95C5-DD1817600AE2}.Debug|iPhone.ActiveCfg = Debug|Any CPU
		{7761846E-CAC1-41A9-95C5-DD1817600AE2}.Debug|iPhoneSimulator.ActiveCfg = Debug|Any CPU
		{7761846E-CAC1-41A9-95C5-DD1817600AE2}.Debug|Mixed Platforms.ActiveCfg = Debug|Any CPU
		{7761846E-CAC1-41A9-95C5-DD1817600AE2}.Debug|Mixed Platforms.Build.0 = Debug|Any CPU
		{7761846E-CAC1-41A9-95C5-DD1817600AE2}.Release|Any CPU.ActiveCfg = Release|Any CPU
		{7761846E-CAC1-41A9-95C5-DD1817600AE2}.Release|Any CPU.Build.0 = Release|Any CPU
		{7761846E-CAC1-41A9-95C5-DD1817600AE2}.Release|iPhone.ActiveCfg = Release|Any CPU
		{7761846E-CAC1-41A9-95C5-DD1817600AE2}.Release|iPhoneSimulator.ActiveCfg = Release|Any CPU
		{7761846E-CAC1-41A9-95C5-DD1817600AE2}.Release|Mixed Platforms.ActiveCfg = Release|Any CPU
		{7761846E-CAC1-41A9-95C5-DD1817600AE2}.Release|Mixed Platforms.Build.0 = Release|Any CPU
		{51C9198F-8452-4DEA-A71D-E5E35035DDC3}.Ad-Hoc|Any CPU.ActiveCfg = Ad-Hoc|iPhone
		{51C9198F-8452-4DEA-A71D-E5E35035DDC3}.Ad-Hoc|iPhone.ActiveCfg = Ad-Hoc|iPhone
		{51C9198F-8452-4DEA-A71D-E5E35035DDC3}.Ad-Hoc|iPhone.Build.0 = Ad-Hoc|iPhone
		{51C9198F-8452-4DEA-A71D-E5E35035DDC3}.Ad-Hoc|iPhoneSimulator.ActiveCfg = Ad-Hoc|iPhoneSimulator
		{51C9198F-8452-4DEA-A71D-E5E35035DDC3}.Ad-Hoc|iPhoneSimulator.Build.0 = Ad-Hoc|iPhoneSimulator
		{51C9198F-8452-4DEA-A71D-E5E35035DDC3}.Ad-Hoc|Mixed Platforms.ActiveCfg = Ad-Hoc|iPhone
		{51C9198F-8452-4DEA-A71D-E5E35035DDC3}.Ad-Hoc|Mixed Platforms.Build.0 = Ad-Hoc|iPhone
		{51C9198F-8452-4DEA-A71D-E5E35035DDC3}.AppStore|Any CPU.ActiveCfg = AppStore|iPhone
		{51C9198F-8452-4DEA-A71D-E5E35035DDC3}.AppStore|iPhone.ActiveCfg = AppStore|iPhone
		{51C9198F-8452-4DEA-A71D-E5E35035DDC3}.AppStore|iPhone.Build.0 = AppStore|iPhone
		{51C9198F-8452-4DEA-A71D-E5E35035DDC3}.AppStore|iPhoneSimulator.ActiveCfg = AppStore|iPhoneSimulator
		{51C9198F-8452-4DEA-A71D-E5E35035DDC3}.AppStore|iPhoneSimulator.Build.0 = AppStore|iPhoneSimulator
		{51C9198F-8452-4DEA-A71D-E5E35035DDC3}.AppStore|Mixed Platforms.ActiveCfg = AppStore|iPhone
		{51C9198F-8452-4DEA-A71D-E5E35035DDC3}.AppStore|Mixed Platforms.Build.0 = AppStore|iPhone
		{51C9198F-8452-4DEA-A71D-E5E35035DDC3}.Debug|Any CPU.ActiveCfg = Debug|iPhone
		{51C9198F-8452-4DEA-A71D-E5E35035DDC3}.Debug|iPhone.ActiveCfg = Debug|iPhone
		{51C9198F-8452-4DEA-A71D-E5E35035DDC3}.Debug|iPhone.Build.0 = Debug|iPhone
		{51C9198F-8452-4DEA-A71D-E5E35035DDC3}.Debug|iPhoneSimulator.ActiveCfg = Debug|iPhoneSimulator
		{51C9198F-8452-4DEA-A71D-E5E35035DDC3}.Debug|iPhoneSimulator.Build.0 = Debug|iPhoneSimulator
		{51C9198F-8452-4DEA-A71D-E5E35035DDC3}.Debug|Mixed Platforms.ActiveCfg = Debug|iPhone
		{51C9198F-8452-4DEA-A71D-E5E35035DDC3}.Debug|Mixed Platforms.Build.0 = Debug|iPhone
		{51C9198F-8452-4DEA-A71D-E5E35035DDC3}.Release|Any CPU.ActiveCfg = Release|iPhone
		{51C9198F-8452-4DEA-A71D-E5E35035DDC3}.Release|iPhone.ActiveCfg = Release|iPhone
		{51C9198F-8452-4DEA-A71D-E5E35035DDC3}.Release|iPhone.Build.0 = Release|iPhone
		{51C9198F-8452-4DEA-A71D-E5E35035DDC3}.Release|iPhoneSimulator.ActiveCfg = Release|iPhoneSimulator
		{51C9198F-8452-4DEA-A71D-E5E35035DDC3}.Release|iPhoneSimulator.Build.0 = Release|iPhoneSimulator
		{51C9198F-8452-4DEA-A71D-E5E35035DDC3}.Release|Mixed Platforms.ActiveCfg = Release|iPhone
		{51C9198F-8452-4DEA-A71D-E5E35035DDC3}.Release|Mixed Platforms.Build.0 = Release|iPhone
		{B38E44F8-55FA-4688-A2A2-60595845AAC1}.Ad-Hoc|Any CPU.ActiveCfg = Release|Any CPU
		{B38E44F8-55FA-4688-A2A2-60595845AAC1}.Ad-Hoc|Any CPU.Build.0 = Release|Any CPU
		{B38E44F8-55FA-4688-A2A2-60595845AAC1}.Ad-Hoc|Any CPU.Deploy.0 = Release|Any CPU
		{B38E44F8-55FA-4688-A2A2-60595845AAC1}.Ad-Hoc|iPhone.ActiveCfg = Release|Any CPU
		{B38E44F8-55FA-4688-A2A2-60595845AAC1}.Ad-Hoc|iPhoneSimulator.ActiveCfg = Release|Any CPU
		{B38E44F8-55FA-4688-A2A2-60595845AAC1}.Ad-Hoc|Mixed Platforms.ActiveCfg = Release|Any CPU
		{B38E44F8-55FA-4688-A2A2-60595845AAC1}.Ad-Hoc|Mixed Platforms.Build.0 = Release|Any CPU
		{B38E44F8-55FA-4688-A2A2-60595845AAC1}.Ad-Hoc|Mixed Platforms.Deploy.0 = Release|Any CPU
		{B38E44F8-55FA-4688-A2A2-60595845AAC1}.AppStore|Any CPU.ActiveCfg = Release|Any CPU
		{B38E44F8-55FA-4688-A2A2-60595845AAC1}.AppStore|Any CPU.Build.0 = Release|Any CPU
		{B38E44F8-55FA-4688-A2A2-60595845AAC1}.AppStore|Any CPU.Deploy.0 = Release|Any CPU
		{B38E44F8-55FA-4688-A2A2-60595845AAC1}.AppStore|iPhone.ActiveCfg = Release|Any CPU
		{B38E44F8-55FA-4688-A2A2-60595845AAC1}.AppStore|iPhoneSimulator.ActiveCfg = Release|Any CPU
		{B38E44F8-55FA-4688-A2A2-60595845AAC1}.AppStore|Mixed Platforms.ActiveCfg = Release|Any CPU
		{B38E44F8-55FA-4688-A2A2-60595845AAC1}.AppStore|Mixed Platforms.Build.0 = Release|Any CPU
		{B38E44F8-55FA-4688-A2A2-60595845AAC1}.AppStore|Mixed Platforms.Deploy.0 = Release|Any CPU
		{B38E44F8-55FA-4688-A2A2-60595845AAC1}.Debug|Any CPU.ActiveCfg = Debug|Any CPU
		{B38E44F8-55FA-4688-A2A2-60595845AAC1}.Debug|Any CPU.Build.0 = Debug|Any CPU
		{B38E44F8-55FA-4688-A2A2-60595845AAC1}.Debug|Any CPU.Deploy.0 = Debug|Any CPU
		{B38E44F8-55FA-4688-A2A2-60595845AAC1}.Debug|iPhone.ActiveCfg = Debug|Any CPU
		{B38E44F8-55FA-4688-A2A2-60595845AAC1}.Debug|iPhoneSimulator.ActiveCfg = Debug|Any CPU
		{B38E44F8-55FA-4688-A2A2-60595845AAC1}.Debug|Mixed Platforms.ActiveCfg = Debug|Any CPU
		{B38E44F8-55FA-4688-A2A2-60595845AAC1}.Debug|Mixed Platforms.Build.0 = Debug|Any CPU
		{B38E44F8-55FA-4688-A2A2-60595845AAC1}.Debug|Mixed Platforms.Deploy.0 = Debug|Any CPU
		{B38E44F8-55FA-4688-A2A2-60595845AAC1}.Release|Any CPU.ActiveCfg = Release|Any CPU
		{B38E44F8-55FA-4688-A2A2-60595845AAC1}.Release|Any CPU.Build.0 = Release|Any CPU
		{B38E44F8-55FA-4688-A2A2-60595845AAC1}.Release|Any CPU.Deploy.0 = Release|Any CPU
		{B38E44F8-55FA-4688-A2A2-60595845AAC1}.Release|iPhone.ActiveCfg = Release|Any CPU
		{B38E44F8-55FA-4688-A2A2-60595845AAC1}.Release|iPhoneSimulator.ActiveCfg = Release|Any CPU
		{B38E44F8-55FA-4688-A2A2-60595845AAC1}.Release|Mixed Platforms.ActiveCfg = Release|Any CPU
		{B38E44F8-55FA-4688-A2A2-60595845AAC1}.Release|Mixed Platforms.Build.0 = Release|Any CPU
		{B38E44F8-55FA-4688-A2A2-60595845AAC1}.Release|Mixed Platforms.Deploy.0 = Release|Any CPU
	EndGlobalSection
	GlobalSection(SolutionProperties) = preSolution
		HideSolutionNode = FALSE
	EndGlobalSection
EndGlobal
